
Microsoft Visual Studio Solution File, Format Version 12.00
# Visual Studio 15
VisualStudioVersion = 15.0.28307.136
MinimumVisualStudioVersion = 10.0.40219.1
Project("{F2A71F9B-5D33-465A-A702-920D77279786}") = "adventofcode2018", "adventofcode2018\adventofcode2018.fsproj", "{DB1F1EF8-E71E-4EEB-B282-7F0DDA03D215}"
EndProject
Global
	GlobalSection(SolutionConfigurationPlatforms) = preSolution
		Debug|Any CPU = Debug|Any CPU
		Release|Any CPU = Release|Any CPU
	EndGlobalSection
	GlobalSection(ProjectConfigurationPlatforms) = postSolution
		{DB1F1EF8-E71E-4EEB-B282-7F0DDA03D215}.Debug|Any CPU.ActiveCfg = Debug|Any CPU
		{DB1F1EF8-E71E-4EEB-B282-7F0DDA03D215}.Debug|Any CPU.Build.0 = Debug|Any CPU
		{DB1F1EF8-E71E-4EEB-B282-7F0DDA03D215}.Release|Any CPU.ActiveCfg = Release|Any CPU
		{DB1F1EF8-E71E-4EEB-B282-7F0DDA03D215}.Release|Any CPU.Build.0 = Release|Any CPU
	EndGlobalSection
	GlobalSection(SolutionProperties) = preSolution
		HideSolutionNode = FALSE
	EndGlobalSection
	GlobalSection(ExtensibilityGlobals) = postSolution
		SolutionGuid = {3AD64E81-FE80-4B65-AD99-91E866D39A32}
	EndGlobalSection
EndGlobal
